
Microsoft Visual Studio Solution File, Format Version 12.00
# Visual Studio 15
VisualStudioVersion = 15.0.27703.2026
MinimumVisualStudioVersion = 10.0.40219.1
Project("{FAE04EC0-301F-11D3-BF4B-00C04F79EFBC}") = "PetTime", "PetTime\PetTime.csproj", "{C38EE54B-492B-4561-BE30-098092B8620A}"
EndProject
Global
	GlobalSection(SolutionConfigurationPlatforms) = preSolution
		Debug|Any CPU = Debug|Any CPU
		Release|Any CPU = Release|Any CPU
	EndGlobalSection
	GlobalSection(ProjectConfigurationPlatforms) = postSolution
		{C38EE54B-492B-4561-BE30-098092B8620A}.Debug|Any CPU.ActiveCfg = Debug|Any CPU
		{C38EE54B-492B-4561-BE30-098092B8620A}.Debug|Any CPU.Build.0 = Debug|Any CPU
		{C38EE54B-492B-4561-BE30-098092B8620A}.Release|Any CPU.ActiveCfg = Release|Any CPU
		{C38EE54B-492B-4561-BE30-098092B8620A}.Release|Any CPU.Build.0 = Release|Any CPU
	EndGlobalSection
	GlobalSection(SolutionProperties) = preSolution
		HideSolutionNode = FALSE
	EndGlobalSection
	GlobalSection(ExtensibilityGlobals) = postSolution
		SolutionGuid = {75D8207F-081E-432E-AFCC-6555EE40AB23}
	EndGlobalSection
EndGlobal
